
Microsoft Visual Studio Solution File, Format Version 12.00
# Visual Studio Version 16
VisualStudioVersion = 16.0.31729.503
MinimumVisualStudioVersion = 10.0.40219.1
Project("{FAE04EC0-301F-11D3-BF4B-00C04F79EFBC}") = "ConataBancariaComHerancao", "ConataBancariaComHerancao\ConataBancariaComHerancao.csproj", "{AFA976A6-3F14-475B-9166-788116A32CD3}"
EndProject
Project("{FAE04EC0-301F-11D3-BF4B-00C04F79EFBC}") = "FuncionaioEfetivoeTercerizadoHeranca", "..\FuncionaioEfetivoeTercerizadoHeranca\FuncionaioEfetivoeTercerizadoHeranca.csproj", "{070A7C62-CC2A-4F14-99F1-D02C6227EF85}"
EndProject
Global
	GlobalSection(SolutionConfigurationPlatforms) = preSolution
		Debug|Any CPU = Debug|Any CPU
		Release|Any CPU = Release|Any CPU
	EndGlobalSection
	GlobalSection(ProjectConfigurationPlatforms) = postSolution
		{AFA976A6-3F14-475B-9166-788116A32CD3}.Debug|Any CPU.ActiveCfg = Debug|Any CPU
		{AFA976A6-3F14-475B-9166-788116A32CD3}.Debug|Any CPU.Build.0 = Debug|Any CPU
		{AFA976A6-3F14-475B-9166-788116A32CD3}.Release|Any CPU.ActiveCfg = Release|Any CPU
		{AFA976A6-3F14-475B-9166-788116A32CD3}.Release|Any CPU.Build.0 = Release|Any CPU
		{070A7C62-CC2A-4F14-99F1-D02C6227EF85}.Debug|Any CPU.ActiveCfg = Debug|Any CPU
		{070A7C62-CC2A-4F14-99F1-D02C6227EF85}.Debug|Any CPU.Build.0 = Debug|Any CPU
		{070A7C62-CC2A-4F14-99F1-D02C6227EF85}.Release|Any CPU.ActiveCfg = Release|Any CPU
		{070A7C62-CC2A-4F14-99F1-D02C6227EF85}.Release|Any CPU.Build.0 = Release|Any CPU
	EndGlobalSection
	GlobalSection(SolutionProperties) = preSolution
		HideSolutionNode = FALSE
	EndGlobalSection
	GlobalSection(ExtensibilityGlobals) = postSolution
		SolutionGuid = {5D695B71-6FF8-4511-86FA-EC623D71CBC1}
	EndGlobalSection
EndGlobal
